
Microsoft Visual Studio Solution File, Format Version 12.00
# Visual Studio Version 17
VisualStudioVersion = 17.0.31903.59
MinimumVisualStudioVersion = 10.0.40219.1
Project("{2150E333-8FDC-42A3-9474-1A3956D46DE8}") = "src", "src", "{827E0CD3-B72D-47B6-A68D-7590B98EB39B}"
EndProject
Project("{FAE04EC0-301F-11D3-BF4B-00C04F79EFBC}") = "EduProctor.Core", "src\EduProctor.Core\EduProctor.Core.csproj", "{383BF207-E16F-4EA1-B696-F09FE1D70DD0}"
EndProject
Project("{FAE04EC0-301F-11D3-BF4B-00C04F79EFBC}") = "EduProctor.Infrastructure", "src\EduProctor.Infrastructure\EduProctor.Infrastructure.csproj", "{387A1CAE-C6E3-4323-8B59-06DE92191DC3}"
EndProject
Project("{FAE04EC0-301F-11D3-BF4B-00C04F79EFBC}") = "EduProctor.Services", "src\EduProctor.Services\EduProctor.Services.csproj", "{E6554AA7-8259-45E6-B516-B20A20023302}"
EndProject
Project("{FAE04EC0-301F-11D3-BF4B-00C04F79EFBC}") = "EduProctor.API", "src\EduProctor.API\EduProctor.API.csproj", "{1DB3B706-8ADA-4479-8D68-379F6FCC107C}"
EndProject
Project("{2150E333-8FDC-42A3-9474-1A3956D46DE8}") = "Shared", "Shared", "{C8E42992-5E42-0C2B-DBFE-AA848D06431C}"
EndProject
Project("{FAE04EC0-301F-11D3-BF4B-00C04F79EFBC}") = "EduProctor.Shared", "src\Shared\EduProctor.Shared\EduProctor.Shared.csproj", "{3C913FE5-8B7E-43BD-8BEF-2170B254B83B}"
EndProject
Project("{FAE04EC0-301F-11D3-BF4B-00C04F79EFBC}") = "EduProctor.Messaging", "src\Shared\EduProctor.Messaging\EduProctor.Messaging.csproj", "{74F9482D-89E0-4D88-A62C-F817C8800685}"
EndProject
Project("{2150E333-8FDC-42A3-9474-1A3956D46DE8}") = "tests", "tests", "{0AB3BF05-4346-4AA6-1389-037BE0695223}"
EndProject
Project("{FAE04EC0-301F-11D3-BF4B-00C04F79EFBC}") = "EduProctor.UnitTests", "tests\EduProctor.UnitTests\EduProctor.UnitTests.csproj", "{74E0C1CE-6D4D-4FAF-8686-D5C66D45D46F}"
EndProject
Project("{FAE04EC0-301F-11D3-BF4B-00C04F79EFBC}") = "EduProctor.IntegrationTests", "tests\EduProctor.IntegrationTests\EduProctor.IntegrationTests.csproj", "{1615B73C-6AF8-4737-85F5-5B0BF119B574}"
EndProject
Global
	GlobalSection(SolutionConfigurationPlatforms) = preSolution
		Debug|Any CPU = Debug|Any CPU
		Debug|x64 = Debug|x64
		Debug|x86 = Debug|x86
		Release|Any CPU = Release|Any CPU
		Release|x64 = Release|x64
		Release|x86 = Release|x86
	EndGlobalSection
	GlobalSection(ProjectConfigurationPlatforms) = postSolution
		{383BF207-E16F-4EA1-B696-F09FE1D70DD0}.Debug|Any CPU.ActiveCfg = Debug|Any CPU
		{383BF207-E16F-4EA1-B696-F09FE1D70DD0}.Debug|Any CPU.Build.0 = Debug|Any CPU
		{383BF207-E16F-4EA1-B696-F09FE1D70DD0}.Debug|x64.ActiveCfg = Debug|Any CPU
		{383BF207-E16F-4EA1-B696-F09FE1D70DD0}.Debug|x64.Build.0 = Debug|Any CPU
		{383BF207-E16F-4EA1-B696-F09FE1D70DD0}.Debug|x86.ActiveCfg = Debug|Any CPU
		{383BF207-E16F-4EA1-B696-F09FE1D70DD0}.Debug|x86.Build.0 = Debug|Any CPU
		{383BF207-E16F-4EA1-B696-F09FE1D70DD0}.Release|Any CPU.ActiveCfg = Release|Any CPU
		{383BF207-E16F-4EA1-B696-F09FE1D70DD0}.Release|Any CPU.Build.0 = Release|Any CPU
		{383BF207-E16F-4EA1-B696-F09FE1D70DD0}.Release|x64.ActiveCfg = Release|Any CPU
		{383BF207-E16F-4EA1-B696-F09FE1D70DD0}.Release|x64.Build.0 = Release|Any CPU
		{383BF207-E16F-4EA1-B696-F09FE1D70DD0}.Release|x86.ActiveCfg = Release|Any CPU
		{383BF207-E16F-4EA1-B696-F09FE1D70DD0}.Release|x86.Build.0 = Release|Any CPU
		{387A1CAE-C6E3-4323-8B59-06DE92191DC3}.Debug|Any CPU.ActiveCfg = Debug|Any CPU
		{387A1CAE-C6E3-4323-8B59-06DE92191DC3}.Debug|Any CPU.Build.0 = Debug|Any CPU
		{387A1CAE-C6E3-4323-8B59-06DE92191DC3}.Debug|x64.ActiveCfg = Debug|Any CPU
		{387A1CAE-C6E3-4323-8B59-06DE92191DC3}.Debug|x64.Build.0 = Debug|Any CPU
		{387A1CAE-C6E3-4323-8B59-06DE92191DC3}.Debug|x86.ActiveCfg = Debug|Any CPU
		{387A1CAE-C6E3-4323-8B59-06DE92191DC3}.Debug|x86.Build.0 = Debug|Any CPU
		{387A1CAE-C6E3-4323-8B59-06DE92191DC3}.Release|Any CPU.ActiveCfg = Release|Any CPU
		{387A1CAE-C6E3-4323-8B59-06DE92191DC3}.Release|Any CPU.Build.0 = Release|Any CPU
		{387A1CAE-C6E3-4323-8B59-06DE92191DC3}.Release|x64.ActiveCfg = Release|Any CPU
		{387A1CAE-C6E3-4323-8B59-06DE92191DC3}.Release|x64.Build.0 = Release|Any CPU
		{387A1CAE-C6E3-4323-8B59-06DE92191DC3}.Release|x86.ActiveCfg = Release|Any CPU
		{387A1CAE-C6E3-4323-8B59-06DE92191DC3}.Release|x86.Build.0 = Release|Any CPU
		{E6554AA7-8259-45E6-B516-B20A20023302}.Debug|Any CPU.ActiveCfg = Debug|Any CPU
		{E6554AA7-8259-45E6-B516-B20A20023302}.Debug|Any CPU.Build.0 = Debug|Any CPU
		{E6554AA7-8259-45E6-B516-B20A20023302}.Debug|x64.ActiveCfg = Debug|Any CPU
		{E6554AA7-8259-45E6-B516-B20A20023302}.Debug|x64.Build.0 = Debug|Any CPU
		{E6554AA7-8259-45E6-B516-B20A20023302}.Debug|x86.ActiveCfg = Debug|Any CPU
		{E6554AA7-8259-45E6-B516-B20A20023302}.Debug|x86.Build.0 = Debug|Any CPU
		{E6554AA7-8259-45E6-B516-B20A20023302}.Release|Any CPU.ActiveCfg = Release|Any CPU
		{E6554AA7-8259-45E6-B516-B20A20023302}.Release|Any CPU.Build.0 = Release|Any CPU
		{E6554AA7-8259-45E6-B516-B20A20023302}.Release|x64.ActiveCfg = Release|Any CPU
		{E6554AA7-8259-45E6-B516-B20A20023302}.Release|x64.Build.0 = Release|Any CPU
		{E6554AA7-8259-45E6-B516-B20A20023302}.Release|x86.ActiveCfg = Release|Any CPU
		{E6554AA7-8259-45E6-B516-B20A20023302}.Release|x86.Build.0 = Release|Any CPU
		{1DB3B706-8ADA-4479-8D68-379F6FCC107C}.Debug|Any CPU.ActiveCfg = Debug|Any CPU
		{1DB3B706-8ADA-4479-8D68-379F6FCC107C}.Debug|Any CPU.Build.0 = Debug|Any CPU
		{1DB3B706-8ADA-4479-8D68-379F6FCC107C}.Debug|x64.ActiveCfg = Debug|Any CPU
		{1DB3B706-8ADA-4479-8D68-379F6FCC107C}.Debug|x64.Build.0 = Debug|Any CPU
		{1DB3B706-8ADA-4479-8D68-379F6FCC107C}.Debug|x86.ActiveCfg = Debug|Any CPU
		{1DB3B706-8ADA-4479-8D68-379F6FCC107C}.Debug|x86.Build.0 = Debug|Any CPU
		{1DB3B706-8ADA-4479-8D68-379F6FCC107C}.Release|Any CPU.ActiveCfg = Release|Any CPU
		{1DB3B706-8ADA-4479-8D68-379F6FCC107C}.Release|Any CPU.Build.0 = Release|Any CPU
		{1DB3B706-8ADA-4479-8D68-379F6FCC107C}.Release|x64.ActiveCfg = Release|Any CPU
		{1DB3B706-8ADA-4479-8D68-379F6FCC107C}.Release|x64.Build.0 = Release|Any CPU
		{1DB3B706-8ADA-4479-8D68-379F6FCC107C}.Release|x86.ActiveCfg = Release|Any CPU
		{1DB3B706-8ADA-4479-8D68-379F6FCC107C}.Release|x86.Build.0 = Release|Any CPU
		{3C913FE5-8B7E-43BD-8BEF-2170B254B83B}.Debug|Any CPU.ActiveCfg = Debug|Any CPU
		{3C913FE5-8B7E-43BD-8BEF-2170B254B83B}.Debug|Any CPU.Build.0 = Debug|Any CPU
		{3C913FE5-8B7E-43BD-8BEF-2170B254B83B}.Debug|x64.ActiveCfg = Debug|Any CPU
		{3C913FE5-8B7E-43BD-8BEF-2170B254B83B}.Debug|x64.Build.0 = Debug|Any CPU
		{3C913FE5-8B7E-43BD-8BEF-2170B254B83B}.Debug|x86.ActiveCfg = Debug|Any CPU
		{3C913FE5-8B7E-43BD-8BEF-2170B254B83B}.Debug|x86.Build.0 = Debug|Any CPU
		{3C913FE5-8B7E-43BD-8BEF-2170B254B83B}.Release|Any CPU.ActiveCfg = Release|Any CPU
		{3C913FE5-8B7E-43BD-8BEF-2170B254B83B}.Release|Any CPU.Build.0 = Release|Any CPU
		{3C913FE5-8B7E-43BD-8BEF-2170B254B83B}.Release|x64.ActiveCfg = Release|Any CPU
		{3C913FE5-8B7E-43BD-8BEF-2170B254B83B}.Release|x64.Build.0 = Release|Any CPU
		{3C913FE5-8B7E-43BD-8BEF-2170B254B83B}.Release|x86.ActiveCfg = Release|Any CPU
		{3C913FE5-8B7E-43BD-8BEF-2170B254B83B}.Release|x86.Build.0 = Release|Any CPU
		{74F9482D-89E0-4D88-A62C-F817C8800685}.Debug|Any CPU.ActiveCfg = Debug|Any CPU
		{74F9482D-89E0-4D88-A62C-F817C8800685}.Debug|Any CPU.Build.0 = Debug|Any CPU
		{74F9482D-89E0-4D88-A62C-F817C8800685}.Debug|x64.ActiveCfg = Debug|Any CPU
		{74F9482D-89E0-4D88-A62C-F817C8800685}.Debug|x64.Build.0 = Debug|Any CPU
		{74F9482D-89E0-4D88-A62C-F817C8800685}.Debug|x86.ActiveCfg = Debug|Any CPU
		{74F9482D-89E0-4D88-A62C-F817C8800685}.Debug|x86.Build.0 = Debug|Any CPU
		{74F9482D-89E0-4D88-A62C-F817C8800685}.Release|Any CPU.ActiveCfg = Release|Any CPU
		{74F9482D-89E0-4D88-A62C-F817C8800685}.Release|Any CPU.Build.0 = Release|Any CPU
		{74F9482D-89E0-4D88-A62C-F817C8800685}.Release|x64.ActiveCfg = Release|Any CPU
		{74F9482D-89E0-4D88-A62C-F817C8800685}.Release|x64.Build.0 = Release|Any CPU
		{74F9482D-89E0-4D88-A62C-F817C8800685}.Release|x86.ActiveCfg = Release|Any CPU
		{74F9482D-89E0-4D88-A62C-F817C8800685}.Release|x86.Build.0 = Release|Any CPU
		{74E0C1CE-6D4D-4FAF-8686-D5C66D45D46F}.Debug|Any CPU.ActiveCfg = Debug|Any CPU
		{74E0C1CE-6D4D-4FAF-8686-D5C66D45D46F}.Debug|Any CPU.Build.0 = Debug|Any CPU
		{74E0C1CE-6D4D-4FAF-8686-D5C66D45D46F}.Debug|x64.ActiveCfg = Debug|Any CPU
		{74E0C1CE-6D4D-4FAF-8686-D5C66D45D46F}.Debug|x64.Build.0 = Debug|Any CPU
		{74E0C1CE-6D4D-4FAF-8686-D5C66D45D46F}.Debug|x86.ActiveCfg = Debug|Any CPU
		{74E0C1CE-6D4D-4FAF-8686-D5C66D45D46F}.Debug|x86.Build.0 = Debug|Any CPU
		{74E0C1CE-6D4D-4FAF-8686-D5C66D45D46F}.Release|Any CPU.ActiveCfg = Release|Any CPU
		{74E0C1CE-6D4D-4FAF-8686-D5C66D45D46F}.Release|Any CPU.Build.0 = Release|Any CPU
		{74E0C1CE-6D4D-4FAF-8686-D5C66D45D46F}.Release|x64.ActiveCfg = Release|Any CPU
		{74E0C1CE-6D4D-4FAF-8686-D5C66D45D46F}.Release|x64.Build.0 = Release|Any CPU
		{74E0C1CE-6D4D-4FAF-8686-D5C66D45D46F}.Release|x86.ActiveCfg = Release|Any CPU
		{74E0C1CE-6D4D-4FAF-8686-D5C66D45D46F}.Release|x86.Build.0 = Release|Any CPU
		{1615B73C-6AF8-4737-85F5-5B0BF119B574}.Debug|Any CPU.ActiveCfg = Debug|Any CPU
		{1615B73C-6AF8-4737-85F5-5B0BF119B574}.Debug|Any CPU.Build.0 = Debug|Any CPU
		{1615B73C-6AF8-4737-85F5-5B0BF119B574}.Debug|x64.ActiveCfg = Debug|Any CPU
		{1615B73C-6AF8-4737-85F5-5B0BF119B574}.Debug|x64.Build.0 = Debug|Any CPU
		{1615B73C-6AF8-4737-85F5-5B0BF119B574}.Debug|x86.ActiveCfg = Debug|Any CPU
		{1615B73C-6AF8-4737-85F5-5B0BF119B574}.Debug|x86.Build.0 = Debug|Any CPU
		{1615B73C-6AF8-4737-85F5-5B0BF119B574}.Release|Any CPU.ActiveCfg = Release|Any CPU
		{1615B73C-6AF8-4737-85F5-5B0BF119B574}.Release|Any CPU.Build.0 = Release|Any CPU
		{1615B73C-6AF8-4737-85F5-5B0BF119B574}.Release|x64.ActiveCfg = Release|Any CPU
		{1615B73C-6AF8-4737-85F5-5B0BF119B574}.Release|x64.Build.0 = Release|Any CPU
		{1615B73C-6AF8-4737-85F5-5B0BF119B574}.Release|x86.ActiveCfg = Release|Any CPU
		{1615B73C-6AF8-4737-85F5-5B0BF119B574}.Release|x86.Build.0 = Release|Any CPU
	EndGlobalSection
	GlobalSection(SolutionProperties) = preSolution
		HideSolutionNode = FALSE
	EndGlobalSection
	GlobalSection(NestedProjects) = preSolution
		{383BF207-E16F-4EA1-B696-F09FE1D70DD0} = {827E0CD3-B72D-47B6-A68D-7590B98EB39B}
		{387A1CAE-C6E3-4323-8B59-06DE92191DC3} = {827E0CD3-B72D-47B6-A68D-7590B98EB39B}
		{E6554AA7-8259-45E6-B516-B20A20023302} = {827E0CD3-B72D-47B6-A68D-7590B98EB39B}
		{1DB3B706-8ADA-4479-8D68-379F6FCC107C} = {827E0CD3-B72D-47B6-A68D-7590B98EB39B}
		{C8E42992-5E42-0C2B-DBFE-AA848D06431C} = {827E0CD3-B72D-47B6-A68D-7590B98EB39B}
		{3C913FE5-8B7E-43BD-8BEF-2170B254B83B} = {C8E42992-5E42-0C2B-DBFE-AA848D06431C}
		{74F9482D-89E0-4D88-A62C-F817C8800685} = {C8E42992-5E42-0C2B-DBFE-AA848D06431C}
		{74E0C1CE-6D4D-4FAF-8686-D5C66D45D46F} = {0AB3BF05-4346-4AA6-1389-037BE0695223}
		{1615B73C-6AF8-4737-85F5-5B0BF119B574} = {0AB3BF05-4346-4AA6-1389-037BE0695223}
	EndGlobalSection
EndGlobal
